
Microsoft Visual Studio Solution File, Format Version 12.00
# Visual Studio 15
VisualStudioVersion = 15.0.27703.2035
MinimumVisualStudioVersion = 10.0.40219.1
Project("{FAE04EC0-301F-11D3-BF4B-00C04F79EFBC}") = "Roomy", "Roomy\Roomy.csproj", "{AC624BC1-229E-4C70-ADDE-E63E7D8D96EC}"
EndProject
Project("{FAE04EC0-301F-11D3-BF4B-00C04F79EFBC}") = "Roomy.Tests", "Roomy.Tests\Roomy.Tests.csproj", "{45C6C6BE-A6EA-4FD3-B4C5-44E4B0882CD8}"
EndProject
Project("{FAE04EC0-301F-11D3-BF4B-00C04F79EFBC}") = "Resources", "Resources\Resources.csproj", "{0742D19A-D5B9-41D8-8784-B544D1DD8CD2}"
EndProject
Global
	GlobalSection(SolutionConfigurationPlatforms) = preSolution
		Debug|Any CPU = Debug|Any CPU
		Release|Any CPU = Release|Any CPU
	EndGlobalSection
	GlobalSection(ProjectConfigurationPlatforms) = postSolution
		{AC624BC1-229E-4C70-ADDE-E63E7D8D96EC}.Debug|Any CPU.ActiveCfg = Debug|Any CPU
		{AC624BC1-229E-4C70-ADDE-E63E7D8D96EC}.Debug|Any CPU.Build.0 = Debug|Any CPU
		{AC624BC1-229E-4C70-ADDE-E63E7D8D96EC}.Release|Any CPU.ActiveCfg = Release|Any CPU
		{AC624BC1-229E-4C70-ADDE-E63E7D8D96EC}.Release|Any CPU.Build.0 = Release|Any CPU
		{45C6C6BE-A6EA-4FD3-B4C5-44E4B0882CD8}.Debug|Any CPU.ActiveCfg = Debug|Any CPU
		{45C6C6BE-A6EA-4FD3-B4C5-44E4B0882CD8}.Debug|Any CPU.Build.0 = Debug|Any CPU
		{45C6C6BE-A6EA-4FD3-B4C5-44E4B0882CD8}.Release|Any CPU.ActiveCfg = Release|Any CPU
		{45C6C6BE-A6EA-4FD3-B4C5-44E4B0882CD8}.Release|Any CPU.Build.0 = Release|Any CPU
		{0742D19A-D5B9-41D8-8784-B544D1DD8CD2}.Debug|Any CPU.ActiveCfg = Debug|Any CPU
		{0742D19A-D5B9-41D8-8784-B544D1DD8CD2}.Debug|Any CPU.Build.0 = Debug|Any CPU
		{0742D19A-D5B9-41D8-8784-B544D1DD8CD2}.Release|Any CPU.ActiveCfg = Release|Any CPU
		{0742D19A-D5B9-41D8-8784-B544D1DD8CD2}.Release|Any CPU.Build.0 = Release|Any CPU
	EndGlobalSection
	GlobalSection(SolutionProperties) = preSolution
		HideSolutionNode = FALSE
	EndGlobalSection
	GlobalSection(ExtensibilityGlobals) = postSolution
		SolutionGuid = {9B45AF7B-EF21-490D-A9DB-5EBAD591CFBA}
	EndGlobalSection
EndGlobal
